
Microsoft Visual Studio Solution File, Format Version 12.00
# Visual Studio 15
VisualStudioVersion = 15.0.28010.2003
MinimumVisualStudioVersion = 10.0.40219.1
Project("{9A19103F-16F7-4668-BE54-9A1E7A4F7556}") = "GDE.PlgxReader", "GDE.PlgxReader\GDE.PlgxReader.csproj", "{3BE61CC0-CAF0-4688-AA98-FB01F470240A}"
EndProject
Project("{FAE04EC0-301F-11D3-BF4B-00C04F79EFBC}") = "GDE.PlgxReader.Console", "GDE.PlgxReader.Console\GDE.PlgxReader.Console.csproj", "{E116CC33-C202-490D-B861-B3CFD7500345}"
EndProject
Global
	GlobalSection(SolutionConfigurationPlatforms) = preSolution
		Debug|Any CPU = Debug|Any CPU
		Release|Any CPU = Release|Any CPU
	EndGlobalSection
	GlobalSection(ProjectConfigurationPlatforms) = postSolution
		{3BE61CC0-CAF0-4688-AA98-FB01F470240A}.Debug|Any CPU.ActiveCfg = Debug|Any CPU
		{3BE61CC0-CAF0-4688-AA98-FB01F470240A}.Debug|Any CPU.Build.0 = Debug|Any CPU
		{3BE61CC0-CAF0-4688-AA98-FB01F470240A}.Release|Any CPU.ActiveCfg = Release|Any CPU
		{3BE61CC0-CAF0-4688-AA98-FB01F470240A}.Release|Any CPU.Build.0 = Release|Any CPU
		{E116CC33-C202-490D-B861-B3CFD7500345}.Debug|Any CPU.ActiveCfg = Debug|Any CPU
		{E116CC33-C202-490D-B861-B3CFD7500345}.Debug|Any CPU.Build.0 = Debug|Any CPU
		{E116CC33-C202-490D-B861-B3CFD7500345}.Release|Any CPU.ActiveCfg = Release|Any CPU
		{E116CC33-C202-490D-B861-B3CFD7500345}.Release|Any CPU.Build.0 = Release|Any CPU
	EndGlobalSection
	GlobalSection(SolutionProperties) = preSolution
		HideSolutionNode = FALSE
	EndGlobalSection
	GlobalSection(ExtensibilityGlobals) = postSolution
		SolutionGuid = {F9F49C6A-D6E7-4EE8-A393-551196D6F7FC}
	EndGlobalSection
EndGlobal
