
Microsoft Visual Studio Solution File, Format Version 12.00
# Visual Studio 15
VisualStudioVersion = 15.0.28010.2003
MinimumVisualStudioVersion = 10.0.40219.1
Project("{FAE04EC0-301F-11D3-BF4B-00C04F79EFBC}") = "GDE.PlgxTools.RawPlgxObjects", "GDE.PlgxTools.PlgxObjects\GDE.PlgxTools.RawPlgxObjects.csproj", "{83D500BD-353D-4384-AB26-87315F5B15D6}"
EndProject
Project("{FAE04EC0-301F-11D3-BF4B-00C04F79EFBC}") = "GDE.PlgxTools.Reader", "GDE.PlgxTools.Reader\GDE.PlgxTools.Reader.csproj", "{88D41B7D-186A-4A5A-862D-8BB5254B07E2}"
EndProject
Project("{FAE04EC0-301F-11D3-BF4B-00C04F79EFBC}") = "GDE.PlgxTools", "GDE.PlgxTools\GDE.PlgxTools.csproj", "{DB3F2178-50EB-4BFB-AF03-98E80A5FFFAB}"
EndProject
Project("{2150E333-8FDC-42A3-9474-1A3956D46DE8}") = "Libraries", "Libraries", "{09C3A9F4-8B4E-4C03-8F96-EACE992CD388}"
EndProject
Project("{2150E333-8FDC-42A3-9474-1A3956D46DE8}") = "ConsoleApps", "ConsoleApps", "{B7ABFAD5-8164-4EA2-830C-E9F59C06D094}"
EndProject
Project("{FAE04EC0-301F-11D3-BF4B-00C04F79EFBC}") = "GDE.ConsoleHelper", "GDE.ConsoleHelper\GDE.ConsoleHelper.csproj", "{3C97DA90-4989-4C72-9483-BCAC012CB048}"
EndProject
Project("{FAE04EC0-301F-11D3-BF4B-00C04F79EFBC}") = "GDE.PlgxTools.RawPluginInfo", "GDE.PlgxTools.RawPluginInfo\GDE.PlgxTools.RawPluginInfo.csproj", "{A4118B5E-9968-40FA-89EF-5C696E4FECE2}"
EndProject
Global
	GlobalSection(SolutionConfigurationPlatforms) = preSolution
		Debug|Any CPU = Debug|Any CPU
		Release|Any CPU = Release|Any CPU
	EndGlobalSection
	GlobalSection(ProjectConfigurationPlatforms) = postSolution
		{83D500BD-353D-4384-AB26-87315F5B15D6}.Debug|Any CPU.ActiveCfg = Debug|Any CPU
		{83D500BD-353D-4384-AB26-87315F5B15D6}.Debug|Any CPU.Build.0 = Debug|Any CPU
		{83D500BD-353D-4384-AB26-87315F5B15D6}.Release|Any CPU.ActiveCfg = Release|Any CPU
		{83D500BD-353D-4384-AB26-87315F5B15D6}.Release|Any CPU.Build.0 = Release|Any CPU
		{88D41B7D-186A-4A5A-862D-8BB5254B07E2}.Debug|Any CPU.ActiveCfg = Debug|Any CPU
		{88D41B7D-186A-4A5A-862D-8BB5254B07E2}.Debug|Any CPU.Build.0 = Debug|Any CPU
		{88D41B7D-186A-4A5A-862D-8BB5254B07E2}.Release|Any CPU.ActiveCfg = Release|Any CPU
		{88D41B7D-186A-4A5A-862D-8BB5254B07E2}.Release|Any CPU.Build.0 = Release|Any CPU
		{DB3F2178-50EB-4BFB-AF03-98E80A5FFFAB}.Debug|Any CPU.ActiveCfg = Debug|Any CPU
		{DB3F2178-50EB-4BFB-AF03-98E80A5FFFAB}.Debug|Any CPU.Build.0 = Debug|Any CPU
		{DB3F2178-50EB-4BFB-AF03-98E80A5FFFAB}.Release|Any CPU.ActiveCfg = Release|Any CPU
		{DB3F2178-50EB-4BFB-AF03-98E80A5FFFAB}.Release|Any CPU.Build.0 = Release|Any CPU
		{3C97DA90-4989-4C72-9483-BCAC012CB048}.Debug|Any CPU.ActiveCfg = Debug|Any CPU
		{3C97DA90-4989-4C72-9483-BCAC012CB048}.Debug|Any CPU.Build.0 = Debug|Any CPU
		{3C97DA90-4989-4C72-9483-BCAC012CB048}.Release|Any CPU.ActiveCfg = Release|Any CPU
		{3C97DA90-4989-4C72-9483-BCAC012CB048}.Release|Any CPU.Build.0 = Release|Any CPU
		{A4118B5E-9968-40FA-89EF-5C696E4FECE2}.Debug|Any CPU.ActiveCfg = Debug|Any CPU
		{A4118B5E-9968-40FA-89EF-5C696E4FECE2}.Debug|Any CPU.Build.0 = Debug|Any CPU
		{A4118B5E-9968-40FA-89EF-5C696E4FECE2}.Release|Any CPU.ActiveCfg = Release|Any CPU
		{A4118B5E-9968-40FA-89EF-5C696E4FECE2}.Release|Any CPU.Build.0 = Release|Any CPU
	EndGlobalSection
	GlobalSection(SolutionProperties) = preSolution
		HideSolutionNode = FALSE
	EndGlobalSection
	GlobalSection(NestedProjects) = preSolution
		{83D500BD-353D-4384-AB26-87315F5B15D6} = {09C3A9F4-8B4E-4C03-8F96-EACE992CD388}
		{88D41B7D-186A-4A5A-862D-8BB5254B07E2} = {09C3A9F4-8B4E-4C03-8F96-EACE992CD388}
		{DB3F2178-50EB-4BFB-AF03-98E80A5FFFAB} = {09C3A9F4-8B4E-4C03-8F96-EACE992CD388}
		{3C97DA90-4989-4C72-9483-BCAC012CB048} = {09C3A9F4-8B4E-4C03-8F96-EACE992CD388}
		{A4118B5E-9968-40FA-89EF-5C696E4FECE2} = {B7ABFAD5-8164-4EA2-830C-E9F59C06D094}
	EndGlobalSection
	GlobalSection(ExtensibilityGlobals) = postSolution
		SolutionGuid = {F9F49C6A-D6E7-4EE8-A393-551196D6F7FC}
	EndGlobalSection
EndGlobal
